// !$*UTF8*$!
{
	archiveVersion = 1;
	classes = {
	};
	objectVersion = 46;
	objects = {

/* Begin PBXBuildFile section */
		3A71A4141FE63D7CF4372DE1 /* Pods_timer.framework in Frameworks */ = {isa = PBXBuildFile; fileRef = 571AD97B075AD7795DF4E09D /* Pods_timer.framework */; };
		5EC1A13887EE94CD49DB0C5A /* LaunchScreen.storyboard in Resources */ = {isa = PBXBuildFile; fileRef = 5EC1A37A9490761E8856535A /* LaunchScreen.storyboard */; };
		5EC1A1E7FF5530941CEDC7CA /* SetingViewControler.swift in Sources */ = {isa = PBXBuildFile; fileRef = 5EC1A2C7ED6F00CE108557CF /* SetingViewControler.swift */; };
		5EC1AB08F10FF828F1CA2E09 /* AppDelegate.swift in Sources */ = {isa = PBXBuildFile; fileRef = 5EC1AB6177B9937E68B26A37 /* AppDelegate.swift */; };
		5EC1AB0A603AC577A20DE85B /* Main.storyboard in Resources */ = {isa = PBXBuildFile; fileRef = 5EC1AC5029832EC769709983 /* Main.storyboard */; };
		5EC1AD0BD52CE79A8D5A2A86 /* Assets.xcassets in Resources */ = {isa = PBXBuildFile; fileRef = 5EC1AA10D38CB082FB9FC313 /* Assets.xcassets */; };
		5EC1AF2FC152B001DD0C58AD /* ViewController.swift in Sources */ = {isa = PBXBuildFile; fileRef = 5EC1A27B5B2B76122F02D2E1 /* ViewController.swift */; };
		8AB05FAF20CFF44900CF7863 /* TimerViewControler.swift in Sources */ = {isa = PBXBuildFile; fileRef = 8AB05FAE20CFF44900CF7863 /* TimerViewControler.swift */; };
		8AB05FB220CFF80500CF7863 /* ITimerView.swift in Sources */ = {isa = PBXBuildFile; fileRef = 8AB05FB120CFF80500CF7863 /* ITimerView.swift */; };
		8AB05FB420CFF81500CF7863 /* TimerPresenter.swift in Sources */ = {isa = PBXBuildFile; fileRef = 8AB05FB320CFF81500CF7863 /* TimerPresenter.swift */; };
		8ABCFFAE20BD5F9200A790A5 /* Prefs.swift in Sources */ = {isa = PBXBuildFile; fileRef = 8ABCFFAD20BD5F9200A790A5 /* Prefs.swift */; };
		8AF6679D211386CD004D69C5 /* HistoryViewControler.swift in Sources */ = {isa = PBXBuildFile; fileRef = 8AF6679C211386CD004D69C5 /* HistoryViewControler.swift */; };
		8AF6679F21138D03004D69C5 /* HistoryPresenter.swift in Sources */ = {isa = PBXBuildFile; fileRef = 8AF6679E21138D03004D69C5 /* HistoryPresenter.swift */; };
		8AF667A021139007004D69C5 /* RxCocoa.framework in Frameworks */ = {isa = PBXBuildFile; fileRef = 8AF667A121139007004D69C5 /* RxCocoa.framework */; };
		8AF667A22113900C004D69C5 /* RxSwift.framework in Frameworks */ = {isa = PBXBuildFile; fileRef = 8AF667A32113900C004D69C5 /* RxSwift.framework */; };
		8AF667A4211390AE004D69C5 /* Realm.framework in Frameworks */ = {isa = PBXBuildFile; fileRef = 8AF667A5211390AE004D69C5 /* Realm.framework */; };
		8AF667A6211390B2004D69C5 /* RealmSwift.framework in Frameworks */ = {isa = PBXBuildFile; fileRef = 8AF667A7211390B2004D69C5 /* RealmSwift.framework */; };
/* End PBXBuildFile section */

/* Begin PBXFileReference section */
		571AD97B075AD7795DF4E09D /* Pods_timer.framework */ = {isa = PBXFileReference; explicitFileType = wrapper.framework; includeInIndex = 0; path = Pods_timer.framework; sourceTree = BUILT_PRODUCTS_DIR; };
		5EC1A27B5B2B76122F02D2E1 /* ViewController.swift */ = {isa = PBXFileReference; lastKnownFileType = sourcecode.swift; path = ViewController.swift; sourceTree = "<group>"; };
		5EC1A2C7ED6F00CE108557CF /* SetingViewControler.swift */ = {isa = PBXFileReference; fileEncoding = 4; lastKnownFileType = sourcecode.swift; path = SetingViewControler.swift; sourceTree = "<group>"; };
		5EC1AA10D38CB082FB9FC313 /* Assets.xcassets */ = {isa = PBXFileReference; lastKnownFileType = folder.assetcatalog; path = Assets.xcassets; sourceTree = "<group>"; };
		5EC1AAA5DC1EFD8CCAD28737 /* Base */ = {isa = PBXFileReference; lastKnownFileType = file.storyboard; name = Base; path = Base.lproj/LaunchScreen.storyboard; sourceTree = "<group>"; };
		5EC1AB6177B9937E68B26A37 /* AppDelegate.swift */ = {isa = PBXFileReference; lastKnownFileType = sourcecode.swift; path = AppDelegate.swift; sourceTree = "<group>"; };
		5EC1AC2D4499A33A206FABE8 /* timer.app */ = {isa = PBXFileReference; explicitFileType = wrapper.application; includeInIndex = 0; path = timer.app; sourceTree = BUILT_PRODUCTS_DIR; };
		5EC1AC85303241000C63ADE7 /* Base */ = {isa = PBXFileReference; lastKnownFileType = file.storyboard; name = Base; path = Base.lproj/Main.storyboard; sourceTree = "<group>"; };
		5EC1AE63EDF4C3A4750D1A8D /* Info.plist */ = {isa = PBXFileReference; lastKnownFileType = text.plist.info; path = Info.plist; sourceTree = "<group>"; };
		8AB05FAE20CFF44900CF7863 /* TimerViewControler.swift */ = {isa = PBXFileReference; lastKnownFileType = sourcecode.swift; path = TimerViewControler.swift; sourceTree = "<group>"; };
		8AB05FB120CFF80500CF7863 /* ITimerView.swift */ = {isa = PBXFileReference; lastKnownFileType = sourcecode.swift; path = ITimerView.swift; sourceTree = "<group>"; };
		8AB05FB320CFF81500CF7863 /* TimerPresenter.swift */ = {isa = PBXFileReference; lastKnownFileType = sourcecode.swift; path = TimerPresenter.swift; sourceTree = "<group>"; };
		8ABCFFAD20BD5F9200A790A5 /* Prefs.swift */ = {isa = PBXFileReference; lastKnownFileType = sourcecode.swift; path = Prefs.swift; sourceTree = "<group>"; };
		8AF6679C211386CD004D69C5 /* HistoryViewControler.swift */ = {isa = PBXFileReference; lastKnownFileType = sourcecode.swift; path = HistoryViewControler.swift; sourceTree = "<group>"; };
		8AF6679E21138D03004D69C5 /* HistoryPresenter.swift */ = {isa = PBXFileReference; lastKnownFileType = sourcecode.swift; path = HistoryPresenter.swift; sourceTree = "<group>"; };
		8AF667A121139007004D69C5 /* RxCocoa.framework */ = {isa = PBXFileReference; explicitFileType = wrapper.framework; path = RxCocoa.framework; sourceTree = BUILT_PRODUCTS_DIR; };
		8AF667A32113900C004D69C5 /* RxSwift.framework */ = {isa = PBXFileReference; explicitFileType = wrapper.framework; path = RxSwift.framework; sourceTree = BUILT_PRODUCTS_DIR; };
		8AF667A5211390AE004D69C5 /* Realm.framework */ = {isa = PBXFileReference; explicitFileType = wrapper.framework; path = Realm.framework; sourceTree = BUILT_PRODUCTS_DIR; };
		8AF667A7211390B2004D69C5 /* RealmSwift.framework */ = {isa = PBXFileReference; explicitFileType = wrapper.framework; path = RealmSwift.framework; sourceTree = BUILT_PRODUCTS_DIR; };
		8B6B2464C32544FCB81457C5 /* Pods-timer.release.xcconfig */ = {isa = PBXFileReference; includeInIndex = 1; lastKnownFileType = text.xcconfig; name = "Pods-timer.release.xcconfig"; path = "Pods/Target Support Files/Pods-timer/Pods-timer.release.xcconfig"; sourceTree = "<group>"; };
		FBE6D4EEF28D3B1AE33622F8 /* Pods-timer.debug.xcconfig */ = {isa = PBXFileReference; includeInIndex = 1; lastKnownFileType = text.xcconfig; name = "Pods-timer.debug.xcconfig"; path = "Pods/Target Support Files/Pods-timer/Pods-timer.debug.xcconfig"; sourceTree = "<group>"; };
/* End PBXFileReference section */

/* Begin PBXFrameworksBuildPhase section */
		5EC1A126FECD72B3ECB3633D /* Frameworks */ = {
			isa = PBXFrameworksBuildPhase;
			buildActionMask = 2147483647;
			files = (
				8AF667A6211390B2004D69C5 /* RealmSwift.framework in Frameworks */,
				8AF667A4211390AE004D69C5 /* Realm.framework in Frameworks */,
				8AF667A22113900C004D69C5 /* RxSwift.framework in Frameworks */,
				8AF667A021139007004D69C5 /* RxCocoa.framework in Frameworks */,
				3A71A4141FE63D7CF4372DE1 /* Pods_timer.framework in Frameworks */,
			);
			runOnlyForDeploymentPostprocessing = 0;
		};
/* End PBXFrameworksBuildPhase section */

/* Begin PBXGroup section */
		099BFBA9683E046DB75D110A /* Pods */ = {
			isa = PBXGroup;
			children = (
				FBE6D4EEF28D3B1AE33622F8 /* Pods-timer.debug.xcconfig */,
				8B6B2464C32544FCB81457C5 /* Pods-timer.release.xcconfig */,
			);
			name = Pods;
			sourceTree = "<group>";
		};
		5EC1A0C3113226E689BAAFFE = {
			isa = PBXGroup;
			children = (
				5EC1AF160EAE4644B60A1D32 /* Products */,
				5EC1AB83869666DEBE644F34 /* timer */,
				099BFBA9683E046DB75D110A /* Pods */,
				6B6215360B61B7943B1151D4 /* Frameworks */,
			);
			sourceTree = "<group>";
		};
		5EC1AB83869666DEBE644F34 /* timer */ = {
			isa = PBXGroup;
			children = (
				8AF6679B211386A3004D69C5 /* history */,
				8AB05FB020CFF7E600CF7863 /* timer */,
				8ABCFFAB20BD5F7000A790A5 /* utils */,
				5EC1AE63EDF4C3A4750D1A8D /* Info.plist */,
				5EC1AA10D38CB082FB9FC313 /* Assets.xcassets */,
				5EC1A37A9490761E8856535A /* LaunchScreen.storyboard */,
				5EC1AB6177B9937E68B26A37 /* AppDelegate.swift */,
				5EC1AC5029832EC769709983 /* Main.storyboard */,
				5EC1A27B5B2B76122F02D2E1 /* ViewController.swift */,
				5EC1A2C7ED6F00CE108557CF /* SetingViewControler.swift */,
			);
			path = timer;
			sourceTree = "<group>";
		};
		5EC1AF160EAE4644B60A1D32 /* Products */ = {
			isa = PBXGroup;
			children = (
				5EC1AC2D4499A33A206FABE8 /* timer.app */,
			);
			name = Products;
			sourceTree = "<group>";
		};
		6B6215360B61B7943B1151D4 /* Frameworks */ = {
			isa = PBXGroup;
			children = (
				8AF667A7211390B2004D69C5 /* RealmSwift.framework */,
				8AF667A5211390AE004D69C5 /* Realm.framework */,
				8AF667A32113900C004D69C5 /* RxSwift.framework */,
				8AF667A121139007004D69C5 /* RxCocoa.framework */,
				571AD97B075AD7795DF4E09D /* Pods_timer.framework */,
			);
			name = Frameworks;
			sourceTree = "<group>";
		};
		8AB05FB020CFF7E600CF7863 /* timer */ = {
			isa = PBXGroup;
			children = (
				8AB05FAE20CFF44900CF7863 /* TimerViewControler.swift */,
				8AB05FB120CFF80500CF7863 /* ITimerView.swift */,
				8AB05FB320CFF81500CF7863 /* TimerPresenter.swift */,
			);
			path = timer;
			sourceTree = "<group>";
		};
		8ABCFFAB20BD5F7000A790A5 /* utils */ = {
			isa = PBXGroup;
			children = (
				8ABCFFAD20BD5F9200A790A5 /* Prefs.swift */,
			);
			path = utils;
			sourceTree = "<group>";
		};
		8AF6679B211386A3004D69C5 /* history */ = {
			isa = PBXGroup;
			children = (
				8AF6679C211386CD004D69C5 /* HistoryViewControler.swift */,
				8AF6679E21138D03004D69C5 /* HistoryPresenter.swift */,
			);
			path = history;
			sourceTree = "<group>";
		};
/* End PBXGroup section */

/* Begin PBXNativeTarget section */
		5EC1A7AD495BB2705D8A5B58 /* timer */ = {
			isa = PBXNativeTarget;
			buildConfigurationList = 5EC1A5DB0268F78224EB283C /* Build configuration list for PBXNativeTarget "timer" */;
			buildPhases = (
				74E7F9A6F679E85F9FA06814 /* [CP] Check Pods Manifest.lock */,
				5EC1A3E7877BDED87DFCC358 /* Sources */,
				5EC1A126FECD72B3ECB3633D /* Frameworks */,
				5EC1A9964B492E54567D80D9 /* Resources */,
				85DCC315E0CF89D6F2BDDAC1 /* [CP] Embed Pods Frameworks */,
			);
			buildRules = (
			);
			dependencies = (
			);
			name = timer;
			productName = timer;
			productReference = 5EC1AC2D4499A33A206FABE8 /* timer.app */;
			productType = "com.apple.product-type.application";
		};
/* End PBXNativeTarget section */

/* Begin PBXProject section */
		5EC1A99D4E0C13870474929B /* Project object */ = {
			isa = PBXProject;
			attributes = {
				ORGANIZATIONNAME = ivanlarin;
				TargetAttributes = {
					5EC1A7AD495BB2705D8A5B58 = {
						DevelopmentTeam = P7BWL3P8G2;
					};
				};
			};
			buildConfigurationList = 5EC1A734647CD304F0521A04 /* Build configuration list for PBXProject "timer" */;
			compatibilityVersion = "Xcode 3.2";
			developmentRegion = English;
			hasScannedForEncodings = 0;
			knownRegions = (
				en,
			);
			mainGroup = 5EC1A0C3113226E689BAAFFE;
			productRefGroup = 5EC1AF160EAE4644B60A1D32 /* Products */;
			projectDirPath = "";
			projectRoot = "";
			targets = (
				5EC1A7AD495BB2705D8A5B58 /* timer */,
			);
		};
/* End PBXProject section */

/* Begin PBXResourcesBuildPhase section */
		5EC1A9964B492E54567D80D9 /* Resources */ = {
			isa = PBXResourcesBuildPhase;
			buildActionMask = 2147483647;
			files = (
				5EC1AD0BD52CE79A8D5A2A86 /* Assets.xcassets in Resources */,
				5EC1A13887EE94CD49DB0C5A /* LaunchScreen.storyboard in Resources */,
				5EC1AB0A603AC577A20DE85B /* Main.storyboard in Resources */,
			);
			runOnlyForDeploymentPostprocessing = 0;
		};
/* End PBXResourcesBuildPhase section */

/* Begin PBXShellScriptBuildPhase section */
		74E7F9A6F679E85F9FA06814 /* [CP] Check Pods Manifest.lock */ = {
			isa = PBXShellScriptBuildPhase;
			buildActionMask = 2147483647;
			files = (
			);
			inputPaths = (
				"${PODS_PODFILE_DIR_PATH}/Podfile.lock",
				"${PODS_ROOT}/Manifest.lock",
			);
			name = "[CP] Check Pods Manifest.lock";
			outputPaths = (
				"$(DERIVED_FILE_DIR)/Pods-timer-checkManifestLockResult.txt",
			);
			runOnlyForDeploymentPostprocessing = 0;
			shellPath = /bin/sh;
			shellScript = "diff \"${PODS_PODFILE_DIR_PATH}/Podfile.lock\" \"${PODS_ROOT}/Manifest.lock\" > /dev/null\nif [ $? != 0 ] ; then\n    # print error to STDERR\n    echo \"error: The sandbox is not in sync with the Podfile.lock. Run 'pod install' or update your CocoaPods installation.\" >&2\n    exit 1\nfi\n# This output is used by Xcode 'outputs' to avoid re-running this script phase.\necho \"SUCCESS\" > \"${SCRIPT_OUTPUT_FILE_0}\"\n";
			showEnvVarsInLog = 0;
		};
		85DCC315E0CF89D6F2BDDAC1 /* [CP] Embed Pods Frameworks */ = {
			isa = PBXShellScriptBuildPhase;
			buildActionMask = 2147483647;
			files = (
			);
			inputPaths = (
				"${SRCROOT}/Pods/Target Support Files/Pods-timer/Pods-timer-frameworks.sh",
				"${BUILT_PRODUCTS_DIR}/Realm/Realm.framework",
				"${BUILT_PRODUCTS_DIR}/RealmSwift/RealmSwift.framework",
				"${BUILT_PRODUCTS_DIR}/RxCocoa/RxCocoa.framework",
				"${BUILT_PRODUCTS_DIR}/RxSwift/RxSwift.framework",
			);
			name = "[CP] Embed Pods Frameworks";
			outputPaths = (
				"${TARGET_BUILD_DIR}/${FRAMEWORKS_FOLDER_PATH}/Realm.framework",
				"${TARGET_BUILD_DIR}/${FRAMEWORKS_FOLDER_PATH}/RealmSwift.framework",
				"${TARGET_BUILD_DIR}/${FRAMEWORKS_FOLDER_PATH}/RxCocoa.framework",
				"${TARGET_BUILD_DIR}/${FRAMEWORKS_FOLDER_PATH}/RxSwift.framework",
			);
			runOnlyForDeploymentPostprocessing = 0;
			shellPath = /bin/sh;
			shellScript = "\"${SRCROOT}/Pods/Target Support Files/Pods-timer/Pods-timer-frameworks.sh\"\n";
			showEnvVarsInLog = 0;
		};
/* End PBXShellScriptBuildPhase section */

/* Begin PBXSourcesBuildPhase section */
		5EC1A3E7877BDED87DFCC358 /* Sources */ = {
			isa = PBXSourcesBuildPhase;
			buildActionMask = 2147483647;
			files = (
				5EC1AB08F10FF828F1CA2E09 /* AppDelegate.swift in Sources */,
				8AF6679F21138D03004D69C5 /* HistoryPresenter.swift in Sources */,
				8AB05FAF20CFF44900CF7863 /* TimerViewControler.swift in Sources */,
				8AF6679D211386CD004D69C5 /* HistoryViewControler.swift in Sources */,
				8AB05FB220CFF80500CF7863 /* ITimerView.swift in Sources */,
				8AB05FB420CFF81500CF7863 /* TimerPresenter.swift in Sources */,
				5EC1AF2FC152B001DD0C58AD /* ViewController.swift in Sources */,
				8ABCFFAE20BD5F9200A790A5 /* Prefs.swift in Sources */,
				5EC1A1E7FF5530941CEDC7CA /* SetingViewControler.swift in Sources */,
			);
			runOnlyForDeploymentPostprocessing = 0;
		};
/* End PBXSourcesBuildPhase section */

/* Begin PBXVariantGroup section */
		5EC1A37A9490761E8856535A /* LaunchScreen.storyboard */ = {
			isa = PBXVariantGroup;
			children = (
				5EC1AAA5DC1EFD8CCAD28737 /* Base */,
			);
			name = LaunchScreen.storyboard;
			sourceTree = "<group>";
		};
		5EC1AC5029832EC769709983 /* Main.storyboard */ = {
			isa = PBXVariantGroup;
			children = (
				5EC1AC85303241000C63ADE7 /* Base */,
			);
			name = Main.storyboard;
			sourceTree = "<group>";
		};
/* End PBXVariantGroup section */

/* Begin XCBuildConfiguration section */
		5EC1A589003F4F789290EB97 /* Debug */ = {
			isa = XCBuildConfiguration;
			buildSettings = {
				ALWAYS_SEARCH_USER_PATHS = NO;
				CLANG_ANALYZER_NONNULL = YES;
				CLANG_ANALYZER_NUMBER_OBJECT_CONVERSION = YES_AGGRESSIVE;
				CLANG_CXX_LANGUAGE_STANDARD = "gnu++14";
				CLANG_CXX_LIBRARY = "libc++";
				CLANG_ENABLE_MODULES = YES;
				CLANG_ENABLE_OBJC_ARC = YES;
				CLANG_WARN_BLOCK_CAPTURE_AUTORELEASING = YES;
				CLANG_WARN_BOOL_CONVERSION = YES;
				CLANG_WARN_COMMA = YES;
				CLANG_WARN_CONSTANT_CONVERSION = YES;
				CLANG_WARN_DIRECT_OBJC_ISA_USAGE = YES_ERROR;
				CLANG_WARN_DOCUMENTATION_COMMENTS = YES;
				CLANG_WARN_EMPTY_BODY = YES;
				CLANG_WARN_ENUM_CONVERSION = YES;
				CLANG_WARN_INFINITE_RECURSION = YES;
				CLANG_WARN_INT_CONVERSION = YES;
				CLANG_WARN_NON_LITERAL_NULL_CONVERSION = YES;
				CLANG_WARN_OBJC_LITERAL_CONVERSION = YES;
				CLANG_WARN_OBJC_ROOT_CLASS = YES_ERROR;
				CLANG_WARN_RANGE_LOOP_ANALYSIS = YES;
				CLANG_WARN_STRICT_PROTOTYPES = YES;
				CLANG_WARN_SUSPICIOUS_MOVE = YES;
				CLANG_WARN_UNGUARDED_AVAILABILITY = YES_AGGRESSIVE;
				CLANG_WARN_UNREACHABLE_CODE = YES;
				CLANG_WARN__DUPLICATE_METHOD_MATCH = YES;
				CODE_SIGN_IDENTITY = "iPhone Developer";
				COPY_PHASE_STRIP = NO;
				DEBUG_INFORMATION_FORMAT = dwarf;
				ENABLE_STRICT_OBJC_MSGSEND = YES;
				ENABLE_TESTABILITY = YES;
				GCC_C_LANGUAGE_STANDARD = gnu11;
				GCC_DYNAMIC_NO_PIC = NO;
				GCC_NO_COMMON_BLOCKS = YES;
				GCC_OPTIMIZATION_LEVEL = 0;
				GCC_PREPROCESSOR_DEFINITIONS = (
					"DEBUG=1",
					"$(inherited)",
				);
				GCC_WARN_64_TO_32_BIT_CONVERSION = YES;
				GCC_WARN_ABOUT_RETURN_TYPE = YES_ERROR;
				GCC_WARN_UNDECLARED_SELECTOR = YES;
				GCC_WARN_UNINITIALIZED_AUTOS = YES_AGGRESSIVE;
				GCC_WARN_UNUSED_FUNCTION = YES;
				GCC_WARN_UNUSED_VARIABLE = YES;
				IPHONEOS_DEPLOYMENT_TARGET = 11.2;
				MTL_ENABLE_DEBUG_INFO = YES;
				ONLY_ACTIVE_ARCH = YES;
				SDKROOT = iphoneos;
				SWIFT_ACTIVE_COMPILATION_CONDITIONS = DEBUG;
				SWIFT_OPTIMIZATION_LEVEL = "-Onone";
			};
			name = Debug;
		};
		5EC1A738A8ABEFBB6668074D /* Release */ = {
			isa = XCBuildConfiguration;
			baseConfigurationReference = 8B6B2464C32544FCB81457C5 /* Pods-timer.release.xcconfig */;
			buildSettings = {
				ASSETCATALOG_COMPILER_APPICON_NAME = AppIcon;
				DEVELOPMENT_TEAM = P7BWL3P8G2;
				INFOPLIST_FILE = timer/Info.plist;
				IPHONEOS_DEPLOYMENT_TARGET = 10.0;
				LD_RUNPATH_SEARCH_PATHS = "$(inherited) @executable_path/Frameworks";
				PRODUCT_BUNDLE_IDENTIFIER = lardis.timer;
				PRODUCT_NAME = "$(TARGET_NAME)";
				SWIFT_VERSION = 4.0;
				TARGETED_DEVICE_FAMILY = "1,2";
			};
			name = Release;
		};
		5EC1A8A23BF6879B9BD45AA6 /* Debug */ = {
			isa = XCBuildConfiguration;
			baseConfigurationReference = FBE6D4EEF28D3B1AE33622F8 /* Pods-timer.debug.xcconfig */;
			buildSettings = {
				ASSETCATALOG_COMPILER_APPICON_NAME = AppIcon;
				DEVELOPMENT_TEAM = P7BWL3P8G2;
				INFOPLIST_FILE = timer/Info.plist;
				IPHONEOS_DEPLOYMENT_TARGET = 10.0;
				LD_RUNPATH_SEARCH_PATHS = "$(inherited) @executable_path/Frameworks";
				PRODUCT_BUNDLE_IDENTIFIER = lardis.timer;
				PRODUCT_NAME = "$(TARGET_NAME)";
				SWIFT_VERSION = 4.0;
				TARGETED_DEVICE_FAMILY = "1,2";
			};
			name = Debug;
		};
		5EC1A8DCD3E5ABD1DBCB51FB /* Release */ = {
			isa = XCBuildConfiguration;
			buildSettings = {
				ALWAYS_SEARCH_USER_PATHS = NO;
				CLANG_ANALYZER_NONNULL = YES;
				CLANG_ANALYZER_NUMBER_OBJECT_CONVERSION = YES_AGGRESSIVE;
				CLANG_CXX_LANGUAGE_STANDARD = "gnu++14";
				CLANG_CXX_LIBRARY = "libc++";
				CLANG_ENABLE_MODULES = YES;
				CLANG_ENABLE_OBJC_ARC = YES;
				CLANG_WARN_BLOCK_CAPTURE_AUTORELEASING = YES;
				CLANG_WARN_BOOL_CONVERSION = YES;
				CLANG_WARN_COMMA = YES;
				CLANG_WARN_CONSTANT_CONVERSION = YES;
				CLANG_WARN_DIRECT_OBJC_ISA_USAGE = YES_ERROR;
				CLANG_WARN_DOCUMENTATION_COMMENTS = YES;
				CLANG_WARN_EMPTY_BODY = YES;
				CLANG_WARN_ENUM_CONVERSION = YES;
				CLANG_WARN_INFINITE_RECURSION = YES;
				CLANG_WARN_INT_CONVERSION = YES;
				CLANG_WARN_NON_LITERAL_NULL_CONVERSION = YES;
				CLANG_WARN_OBJC_LITERAL_CONVERSION = YES;
				CLANG_WARN_OBJC_ROOT_CLASS = YES_ERROR;
				CLANG_WARN_RANGE_LOOP_ANALYSIS = YES;
				CLANG_WARN_STRICT_PROTOTYPES = YES;
				CLANG_WARN_SUSPICIOUS_MOVE = YES;
				CLANG_WARN_UNGUARDED_AVAILABILITY = YES_AGGRESSIVE;
				CLANG_WARN_UNREACHABLE_CODE = YES;
				CLANG_WARN__DUPLICATE_METHOD_MATCH = YES;
				CODE_SIGN_IDENTITY = "iPhone Developer";
				COPY_PHASE_STRIP = NO;
				DEBUG_INFORMATION_FORMAT = "dwarf-with-dsym";
				ENABLE_NS_ASSERTIONS = NO;
				ENABLE_STRICT_OBJC_MSGSEND = YES;
				GCC_C_LANGUAGE_STANDARD = gnu11;
				GCC_NO_COMMON_BLOCKS = YES;
				GCC_WARN_64_TO_32_BIT_CONVERSION = YES;
				GCC_WARN_ABOUT_RETURN_TYPE = YES_ERROR;
				GCC_WARN_UNDECLARED_SELECTOR = YES;
				GCC_WARN_UNINITIALIZED_AUTOS = YES_AGGRESSIVE;
				GCC_WARN_UNUSED_FUNCTION = YES;
				GCC_WARN_UNUSED_VARIABLE = YES;
				IPHONEOS_DEPLOYMENT_TARGET = 11.2;
				MTL_ENABLE_DEBUG_INFO = NO;
				SDKROOT = iphoneos;
				SWIFT_OPTIMIZATION_LEVEL = "-Owholemodule";
				VALIDATE_PRODUCT = YES;
			};
			name = Release;
		};
/* End XCBuildConfiguration section */

/* Begin XCConfigurationList section */
		5EC1A5DB0268F78224EB283C /* Build configuration list for PBXNativeTarget "timer" */ = {
			isa = XCConfigurationList;
			buildConfigurations = (
				5EC1A8A23BF6879B9BD45AA6 /* Debug */,
				5EC1A738A8ABEFBB6668074D /* Release */,
			);
			defaultConfigurationIsVisible = 0;
			defaultConfigurationName = Release;
		};
		5EC1A734647CD304F0521A04 /* Build configuration list for PBXProject "timer" */ = {
			isa = XCConfigurationList;
			buildConfigurations = (
				5EC1A589003F4F789290EB97 /* Debug */,
				5EC1A8DCD3E5ABD1DBCB51FB /* Release */,
			);
			defaultConfigurationIsVisible = 0;
			defaultConfigurationName = Release;
		};
/* End XCConfigurationList section */
	};
	rootObject = 5EC1A99D4E0C13870474929B /* Project object */;
}
